<?xml version="1.0" encoding="utf-8"?>
<Project ToolsVersion="4.0" xmlns="http://schemas.microsoft.com/developer/msbuild/2003">
  <ItemGroup>
    <Filter Include="리소스 파일">
      <UniqueIdentifier>{67DA6AB6-F800-4c08-8B7A-83BB121AAD01}</UniqueIdentifier>
      <Extensions>rc;ico;cur;bmp;dlg;rc2;rct;bin;rgs;gif;jpg;jpeg;jpe;resx;tiff;tif;png;wav;mfcribbon-ms</Extensions>
    </Filter>
    <Filter Include="Map">
      <UniqueIdentifier>{c2a03e6a-cc2a-4d4f-a1ef-02e6d1838bcf}</UniqueIdentifier>
    </Filter>
    <Filter Include="Game">
      <UniqueIdentifier>{3249bd5d-7be5-4b90-bdbc-24c21d5ec462}</UniqueIdentifier>
    </Filter>
    <Filter Include="Object">
      <UniqueIdentifier>{cc6fa757-68c5-47c6-ab56-688749193a1c}</UniqueIdentifier>
    </Filter>
  </ItemGroup>
  <ItemGroup>
    <ClCompile Include="Game.cpp">
      <Filter>Game</Filter>
    </ClCompile>
    <ClCompile Include="Core.cpp">
      <Filter>Game</Filter>
    </ClCompile>
    <ClCompile Include="Objects.cpp">
      <Filter>Object</Filter>
    </ClCompile>
    <ClCompile Include="SnakeManager.cpp">
      <Filter>Game</Filter>
    </ClCompile>
    <ClCompile Include="console.cpp">
      <Filter>Game</Filter>
    </ClCompile>
  </ItemGroup>
  <ItemGroup>
    <ClInclude Include="define.h">
      <Filter>Game</Filter>
    </ClInclude>
    <ClInclude Include="Core.h">
      <Filter>Game</Filter>
    </ClInclude>
    <ClInclude Include="Objects.h">
      <Filter>Object</Filter>
    </ClInclude>
    <ClInclude Include="SnakeManager.h">
      <Filter>Game</Filter>
    </ClInclude>
    <ClInclude Include="console.h">
      <Filter>Game</Filter>
    </ClInclude>
  </ItemGroup>
</Project>